
Microsoft Visual Studio Solution File, Format Version 12.00
#
Project("{FAE04EC0-301F-11D3-BF4B-00C04F79EFBC}") = "MvuSharp.Core", "src\MvuSharp.Core\MvuSharp.Core.csproj", "{E5DDAD54-05C5-43F2-A5B0-523FFB57171E}"
EndProject
Project("{FAE04EC0-301F-11D3-BF4B-00C04F79EFBC}") = "MvuSharp.Testing", "src\MvuSharp.Testing\MvuSharp.Testing.csproj", "{D1B8616D-9EF9-491B-828F-904B9D2AAF70}"
EndProject
Project("{FAE04EC0-301F-11D3-BF4B-00C04F79EFBC}") = "MvuSharp.Extensions.Microsoft.DependencyInjection", "src\MvuSharp.Extensions.Microsoft.DependencyInjection\MvuSharp.Extensions.Microsoft.DependencyInjection.csproj", "{CAA8D4D2-BB69-4B46-B173-84C944AF285B}"
EndProject
Project("{FAE04EC0-301F-11D3-BF4B-00C04F79EFBC}") = "MvuSharp.Blazor", "src\MvuSharp.Blazor\MvuSharp.Blazor.csproj", "{EE917646-5C6C-4FEF-83EE-C29A2125FACE}"
EndProject
Project("{2150E333-8FDC-42A3-9474-1A3956D46DE8}") = "src", "src", "{E61500D7-C3DF-4800-B8FB-4EFDB043E114}"
EndProject
Project("{2150E333-8FDC-42A3-9474-1A3956D46DE8}") = "tests", "tests", "{05975E68-4DB7-4F05-B00D-A4585AE3CAE7}"
EndProject
Project("{2150E333-8FDC-42A3-9474-1A3956D46DE8}") = "demo", "demo", "{03434B1A-64CA-4EC7-8743-DE823534D6A3}"
EndProject
Project("{2150E333-8FDC-42A3-9474-1A3956D46DE8}") = "Counter", "Counter", "{122ACDF0-1AA1-4B6B-9EF9-20F6393064AD}"
EndProject
Project("{FAE04EC0-301F-11D3-BF4B-00C04F79EFBC}") = "CounterApp.Core", "demo\Counter\CounterApp.Core\CounterApp.Core.csproj", "{C84B3DD5-DBB0-4959-8F4D-043F86BFC65D}"
EndProject
Project("{FAE04EC0-301F-11D3-BF4B-00C04F79EFBC}") = "CounterApp.Blazor", "demo\Counter\CounterApp.Blazor\CounterApp.Blazor.csproj", "{C5BBE151-DCAB-41B9-B110-24F067C1F700}"
EndProject
Project("{FAE04EC0-301F-11D3-BF4B-00C04F79EFBC}") = "CounterApp.Tests", "demo\Counter\CounterApp.Tests\CounterApp.Tests.csproj", "{B89A59D0-E5B6-4E05-9A13-F7D40A0C65B6}"
EndProject
Project("{2150E333-8FDC-42A3-9474-1A3956D46DE8}") = "Dummy", "Dummy", "{232EDD5B-F5E1-40DB-A7DB-9C1D23380059}"
EndProject
Project("{FAE04EC0-301F-11D3-BF4B-00C04F79EFBC}") = "Dummy.Blazor", "demo\Dummy.Blazor\Dummy.Blazor.csproj", "{801CB943-74EA-45C8-B2F1-F0D685D11CCA}"
EndProject
Project("{FAE04EC0-301F-11D3-BF4B-00C04F79EFBC}") = "Dummy.Core", "demo\Dummy.Core\Dummy.Core.csproj", "{109AB799-1B3E-4F72-902F-AD89C6D2B92A}"
EndProject
Project("{FAE04EC0-301F-11D3-BF4B-00C04F79EFBC}") = "Dummy.Tests", "demo\Dummy.Tests\Dummy.Tests.csproj", "{0610F0C8-5D5F-4AB0-8282-2206FD7EEA96}"
EndProject
Global
	GlobalSection(SolutionConfigurationPlatforms) = preSolution
		Debug|Any CPU = Debug|Any CPU
		Release|Any CPU = Release|Any CPU
	EndGlobalSection
	GlobalSection(ProjectConfigurationPlatforms) = postSolution
		{E5DDAD54-05C5-43F2-A5B0-523FFB57171E}.Debug|Any CPU.ActiveCfg = Debug|Any CPU
		{E5DDAD54-05C5-43F2-A5B0-523FFB57171E}.Debug|Any CPU.Build.0 = Debug|Any CPU
		{E5DDAD54-05C5-43F2-A5B0-523FFB57171E}.Release|Any CPU.ActiveCfg = Release|Any CPU
		{E5DDAD54-05C5-43F2-A5B0-523FFB57171E}.Release|Any CPU.Build.0 = Release|Any CPU
		{D1B8616D-9EF9-491B-828F-904B9D2AAF70}.Debug|Any CPU.ActiveCfg = Debug|Any CPU
		{D1B8616D-9EF9-491B-828F-904B9D2AAF70}.Debug|Any CPU.Build.0 = Debug|Any CPU
		{D1B8616D-9EF9-491B-828F-904B9D2AAF70}.Release|Any CPU.ActiveCfg = Release|Any CPU
		{D1B8616D-9EF9-491B-828F-904B9D2AAF70}.Release|Any CPU.Build.0 = Release|Any CPU
		{CAA8D4D2-BB69-4B46-B173-84C944AF285B}.Debug|Any CPU.ActiveCfg = Debug|Any CPU
		{CAA8D4D2-BB69-4B46-B173-84C944AF285B}.Debug|Any CPU.Build.0 = Debug|Any CPU
		{CAA8D4D2-BB69-4B46-B173-84C944AF285B}.Release|Any CPU.ActiveCfg = Release|Any CPU
		{CAA8D4D2-BB69-4B46-B173-84C944AF285B}.Release|Any CPU.Build.0 = Release|Any CPU
		{EE917646-5C6C-4FEF-83EE-C29A2125FACE}.Debug|Any CPU.ActiveCfg = Debug|Any CPU
		{EE917646-5C6C-4FEF-83EE-C29A2125FACE}.Debug|Any CPU.Build.0 = Debug|Any CPU
		{EE917646-5C6C-4FEF-83EE-C29A2125FACE}.Release|Any CPU.ActiveCfg = Release|Any CPU
		{EE917646-5C6C-4FEF-83EE-C29A2125FACE}.Release|Any CPU.Build.0 = Release|Any CPU
		{C84B3DD5-DBB0-4959-8F4D-043F86BFC65D}.Debug|Any CPU.ActiveCfg = Debug|Any CPU
		{C84B3DD5-DBB0-4959-8F4D-043F86BFC65D}.Debug|Any CPU.Build.0 = Debug|Any CPU
		{C84B3DD5-DBB0-4959-8F4D-043F86BFC65D}.Release|Any CPU.ActiveCfg = Release|Any CPU
		{C84B3DD5-DBB0-4959-8F4D-043F86BFC65D}.Release|Any CPU.Build.0 = Release|Any CPU
		{C5BBE151-DCAB-41B9-B110-24F067C1F700}.Debug|Any CPU.ActiveCfg = Debug|Any CPU
		{C5BBE151-DCAB-41B9-B110-24F067C1F700}.Debug|Any CPU.Build.0 = Debug|Any CPU
		{C5BBE151-DCAB-41B9-B110-24F067C1F700}.Release|Any CPU.ActiveCfg = Release|Any CPU
		{C5BBE151-DCAB-41B9-B110-24F067C1F700}.Release|Any CPU.Build.0 = Release|Any CPU
		{B89A59D0-E5B6-4E05-9A13-F7D40A0C65B6}.Debug|Any CPU.ActiveCfg = Debug|Any CPU
		{B89A59D0-E5B6-4E05-9A13-F7D40A0C65B6}.Debug|Any CPU.Build.0 = Debug|Any CPU
		{B89A59D0-E5B6-4E05-9A13-F7D40A0C65B6}.Release|Any CPU.ActiveCfg = Release|Any CPU
		{B89A59D0-E5B6-4E05-9A13-F7D40A0C65B6}.Release|Any CPU.Build.0 = Release|Any CPU
		{801CB943-74EA-45C8-B2F1-F0D685D11CCA}.Debug|Any CPU.ActiveCfg = Debug|Any CPU
		{801CB943-74EA-45C8-B2F1-F0D685D11CCA}.Debug|Any CPU.Build.0 = Debug|Any CPU
		{801CB943-74EA-45C8-B2F1-F0D685D11CCA}.Release|Any CPU.ActiveCfg = Release|Any CPU
		{801CB943-74EA-45C8-B2F1-F0D685D11CCA}.Release|Any CPU.Build.0 = Release|Any CPU
		{109AB799-1B3E-4F72-902F-AD89C6D2B92A}.Debug|Any CPU.ActiveCfg = Debug|Any CPU
		{109AB799-1B3E-4F72-902F-AD89C6D2B92A}.Debug|Any CPU.Build.0 = Debug|Any CPU
		{109AB799-1B3E-4F72-902F-AD89C6D2B92A}.Release|Any CPU.ActiveCfg = Release|Any CPU
		{109AB799-1B3E-4F72-902F-AD89C6D2B92A}.Release|Any CPU.Build.0 = Release|Any CPU
		{0610F0C8-5D5F-4AB0-8282-2206FD7EEA96}.Debug|Any CPU.ActiveCfg = Debug|Any CPU
		{0610F0C8-5D5F-4AB0-8282-2206FD7EEA96}.Debug|Any CPU.Build.0 = Debug|Any CPU
		{0610F0C8-5D5F-4AB0-8282-2206FD7EEA96}.Release|Any CPU.ActiveCfg = Release|Any CPU
		{0610F0C8-5D5F-4AB0-8282-2206FD7EEA96}.Release|Any CPU.Build.0 = Release|Any CPU
	EndGlobalSection
	GlobalSection(NestedProjects) = preSolution
		{EE917646-5C6C-4FEF-83EE-C29A2125FACE} = {E61500D7-C3DF-4800-B8FB-4EFDB043E114}
		{E5DDAD54-05C5-43F2-A5B0-523FFB57171E} = {E61500D7-C3DF-4800-B8FB-4EFDB043E114}
		{CAA8D4D2-BB69-4B46-B173-84C944AF285B} = {E61500D7-C3DF-4800-B8FB-4EFDB043E114}
		{D1B8616D-9EF9-491B-828F-904B9D2AAF70} = {E61500D7-C3DF-4800-B8FB-4EFDB043E114}
		{122ACDF0-1AA1-4B6B-9EF9-20F6393064AD} = {03434B1A-64CA-4EC7-8743-DE823534D6A3}
		{C84B3DD5-DBB0-4959-8F4D-043F86BFC65D} = {122ACDF0-1AA1-4B6B-9EF9-20F6393064AD}
		{C5BBE151-DCAB-41B9-B110-24F067C1F700} = {122ACDF0-1AA1-4B6B-9EF9-20F6393064AD}
		{B89A59D0-E5B6-4E05-9A13-F7D40A0C65B6} = {122ACDF0-1AA1-4B6B-9EF9-20F6393064AD}
		{232EDD5B-F5E1-40DB-A7DB-9C1D23380059} = {03434B1A-64CA-4EC7-8743-DE823534D6A3}
		{801CB943-74EA-45C8-B2F1-F0D685D11CCA} = {232EDD5B-F5E1-40DB-A7DB-9C1D23380059}
		{109AB799-1B3E-4F72-902F-AD89C6D2B92A} = {232EDD5B-F5E1-40DB-A7DB-9C1D23380059}
		{0610F0C8-5D5F-4AB0-8282-2206FD7EEA96} = {232EDD5B-F5E1-40DB-A7DB-9C1D23380059}
	EndGlobalSection
EndGlobal
